Microsoft Visual Studio Solution File, Format Version 11.00
# Visual Studio 2008

Project("{E3B332D3-932B-D81B-E8B9-B740B26D5011}") = "PopStars", "Assembly-CSharp-firstpass-vs.csproj", "{1AE3A655-FF51-A1A7-0562-C0E3702EEA3C}"
EndProject
Project("{E3B332D3-932B-D81B-E8B9-B740B26D5011}") = "PopStars", "Assembly-CSharp-vs.csproj", "{FD5F962A-24D1-1B5A-7065-27DAB9A7D6FA}"
EndProject
Project("{E3B332D3-932B-D81B-E8B9-B740B26D5011}") = "PopStars", "Assembly-CSharp-Editor-vs.csproj", "{6060862C-B3D1-D36B-3E4E-A1C2191A0624}"
EndProject
Global
	GlobalSection(SolutionConfigurationPlatforms) = preSolution
		Debug|Any CPU = Debug|Any CPU
		Release|Any CPU = Release|Any CPU
	EndGlobalSection
	GlobalSection(ProjectConfigurationPlatforms) = postSolution
		{1AE3A655-FF51-A1A7-0562-C0E3702EEA3C}.Debug|Any CPU.ActiveCfg = Debug|Any CPU
		{1AE3A655-FF51-A1A7-0562-C0E3702EEA3C}.Debug|Any CPU.Build.0 = Debug|Any CPU
		{1AE3A655-FF51-A1A7-0562-C0E3702EEA3C}.Release|Any CPU.ActiveCfg = Release|Any CPU
		{1AE3A655-FF51-A1A7-0562-C0E3702EEA3C}.Release|Any CPU.Build.0 = Release|Any CPU
		{FD5F962A-24D1-1B5A-7065-27DAB9A7D6FA}.Debug|Any CPU.ActiveCfg = Debug|Any CPU
		{FD5F962A-24D1-1B5A-7065-27DAB9A7D6FA}.Debug|Any CPU.Build.0 = Debug|Any CPU
		{FD5F962A-24D1-1B5A-7065-27DAB9A7D6FA}.Release|Any CPU.ActiveCfg = Release|Any CPU
		{FD5F962A-24D1-1B5A-7065-27DAB9A7D6FA}.Release|Any CPU.Build.0 = Release|Any CPU
		{6060862C-B3D1-D36B-3E4E-A1C2191A0624}.Debug|Any CPU.ActiveCfg = Debug|Any CPU
		{6060862C-B3D1-D36B-3E4E-A1C2191A0624}.Debug|Any CPU.Build.0 = Debug|Any CPU
		{6060862C-B3D1-D36B-3E4E-A1C2191A0624}.Release|Any CPU.ActiveCfg = Release|Any CPU
		{6060862C-B3D1-D36B-3E4E-A1C2191A0624}.Release|Any CPU.Build.0 = Release|Any CPU
	EndGlobalSection
	GlobalSection(SolutionProperties) = preSolution
		HideSolutionNode = FALSE
	EndGlobalSection
	
EndGlobal
